// !$*UTF8*$!
{
	archiveVersion = 1;
	classes = {
	};
	objectVersion = 48;
	objects = {

/* Begin PBXBuildFile section */
		89D07DED206EDA1D00E96A08 /* AppDelegate.swift in Sources */ = {isa = PBXBuildFile; fileRef = 89D07DEC206EDA1D00E96A08 /* AppDelegate.swift */; };
		89D07DEF206EDA1D00E96A08 /* StretchyViewController.swift in Sources */ = {isa = PBXBuildFile; fileRef = 89D07DEE206EDA1D00E96A08 /* StretchyViewController.swift */; };
		89D07DF2206EDA1D00E96A08 /* Main.storyboard in Resources */ = {isa = PBXBuildFile; fileRef = 89D07DF0206EDA1D00E96A08 /* Main.storyboard */; };
		89D07DF4206EDA1D00E96A08 /* Assets.xcassets in Resources */ = {isa = PBXBuildFile; fileRef = 89D07DF3206EDA1D00E96A08 /* Assets.xcassets */; };
		89D07DF7206EDA1D00E96A08 /* LaunchScreen.storyboard in Resources */ = {isa = PBXBuildFile; fileRef = 89D07DF5206EDA1D00E96A08 /* LaunchScreen.storyboard */; };
/* End PBXBuildFile section */

/* Begin PBXFileReference section */
		89D07DE9206EDA1D00E96A08 /* StretchySnacks.app */ = {isa = PBXFileReference; explicitFileType = wrapper.application; includeInIndex = 0; path = StretchySnacks.app; sourceTree = BUILT_PRODUCTS_DIR; };
		89D07DEC206EDA1D00E96A08 /* AppDelegate.swift */ = {isa = PBXFileReference; lastKnownFileType = sourcecode.swift; path = AppDelegate.swift; sourceTree = "<group>"; };
		89D07DEE206EDA1D00E96A08 /* StretchyViewController.swift */ = {isa = PBXFileReference; lastKnownFileType = sourcecode.swift; path = StretchyViewController.swift; sourceTree = "<group>"; };
		89D07DF1206EDA1D00E96A08 /* Base */ = {isa = PBXFileReference; lastKnownFileType = file.storyboard; name = Base; path = Base.lproj/Main.storyboard; sourceTree = "<group>"; };
		89D07DF3206EDA1D00E96A08 /* Assets.xcassets */ = {isa = PBXFileReference; lastKnownFileType = folder.assetcatalog; path = Assets.xcassets; sourceTree = "<group>"; };
		89D07DF6206EDA1D00E96A08 /* Base */ = {isa = PBXFileReference; lastKnownFileType = file.storyboard; name = Base; path = Base.lproj/LaunchScreen.storyboard; sourceTree = "<group>"; };
		89D07DF8206EDA1D00E96A08 /* Info.plist */ = {isa = PBXFileReference; lastKnownFileType = text.plist.xml; path = Info.plist; sourceTree = "<group>"; };
/* End PBXFileReference section */

/* Begin PBXFrameworksBuildPhase section */
		89D07DE6206EDA1D00E96A08 /* Frameworks */ = {
			isa = PBXFrameworksBuildPhase;
			buildActionMask = 2147483647;
			files = (
			);
			runOnlyForDeploymentPostprocessing = 0;
		};
/* End PBXFrameworksBuildPhase section */

/* Begin PBXGroup section */
		89D07DE0206EDA1D00E96A08 = {
			isa = PBXGroup;
			children = (
				89D07DEB206EDA1D00E96A08 /* StretchySnacks */,
				89D07DEA206EDA1D00E96A08 /* Products */,
			);
			sourceTree = "<group>";
		};
		89D07DEA206EDA1D00E96A08 /* Products */ = {
			isa = PBXGroup;
			children = (
				89D07DE9206EDA1D00E96A08 /* StretchySnacks.app */,
			);
			name = Products;
			sourceTree = "<group>";
		};
		89D07DEB206EDA1D00E96A08 /* StretchySnacks */ = {
			isa = PBXGroup;
			children = (
				89D07DEC206EDA1D00E96A08 /* AppDelegate.swift */,
				89D07DEE206EDA1D00E96A08 /* StretchyViewController.swift */,
				89D07DF0206EDA1D00E96A08 /* Main.storyboard */,
				89D07DF3206EDA1D00E96A08 /* Assets.xcassets */,
				89D07DF5206EDA1D00E96A08 /* LaunchScreen.storyboard */,
				89D07DF8206EDA1D00E96A08 /* Info.plist */,
			);
			path = StretchySnacks;
			sourceTree = "<group>";
		};
/* End PBXGroup section */

/* Begin PBXNativeTarget section */
		89D07DE8206EDA1D00E96A08 /* StretchySnacks */ = {
			isa = PBXNativeTarget;
			buildConfigurationList = 89D07DFB206EDA1D00E96A08 /* Build configuration list for PBXNativeTarget "StretchySnacks" */;
			buildPhases = (
				89D07DE5206EDA1D00E96A08 /* Sources */,
				89D07DE6206EDA1D00E96A08 /* Frameworks */,
				89D07DE7206EDA1D00E96A08 /* Resources */,
			);
			buildRules = (
			);
			dependencies = (
			);
			name = StretchySnacks;
			productName = StretchySnacks;
			productReference = 89D07DE9206EDA1D00E96A08 /* StretchySnacks.app */;
			productType = "com.apple.product-type.application";
		};
/* End PBXNativeTarget section */

/* Begin PBXProject section */
		89D07DE1206EDA1D00E96A08 /* Project object */ = {
			isa = PBXProject;
			attributes = {
				LastSwiftUpdateCheck = 0920;
				LastUpgradeCheck = 0920;
				ORGANIZATIONNAME = "Chris Dean";
				TargetAttributes = {
					89D07DE8206EDA1D00E96A08 = {
						CreatedOnToolsVersion = 9.2;
						ProvisioningStyle = Automatic;
					};
				};
			};
			buildConfigurationList = 89D07DE4206EDA1D00E96A08 /* Build configuration list for PBXProject "StretchySnacks" */;
			compatibilityVersion = "Xcode 8.0";
			developmentRegion = en;
			hasScannedForEncodings = 0;
			knownRegions = (
				en,
				Base,
			);
			mainGroup = 89D07DE0206EDA1D00E96A08;
			productRefGroup = 89D07DEA206EDA1D00E96A08 /* Products */;
			projectDirPath = "";
			projectRoot = "";
			targets = (
				89D07DE8206EDA1D00E96A08 /* StretchySnacks */,
			);
		};
/* End PBXProject section */

/* Begin PBXResourcesBuildPhase section */
		89D07DE7206EDA1D00E96A08 /* Resources */ = {
			isa = PBXResourcesBuildPhase;
			buildActionMask = 2147483647;
			files = (
				89D07DF7206EDA1D00E96A08 /* LaunchScreen.storyboard in Resources */,
				89D07DF4206EDA1D00E96A08 /* Assets.xcassets in Resources */,
				89D07DF2206EDA1D00E96A08 /* Main.storyboard in Resources */,
			);
			runOnlyForDeploymentPostprocessing = 0;
		};
/* End PBXResourcesBuildPhase section */

/* Begin PBXSourcesBuildPhase section */
		89D07DE5206EDA1D00E96A08 /* Sources */ = {
			isa = PBXSourcesBuildPhase;
			buildActionMask = 2147483647;
			files = (
				89D07DEF206EDA1D00E96A08 /* StretchyViewController.swift in Sources */,
				89D07DED206EDA1D00E96A08 /* AppDelegate.swift in Sources */,
			);
			runOnlyForDeploymentPostprocessing = 0;
		};
/* End PBXSourcesBuildPhase section */

/* Begin PBXVariantGroup section */
		89D07DF0206EDA1D00E96A08 /* Main.storyboard */ = {
			isa = PBXVariantGroup;
			children = (
				89D07DF1206EDA1D00E96A08 /* Base */,
			);
			name = Main.storyboard;
			sourceTree = "<group>";
		};
		89D07DF5206EDA1D00E96A08 /* LaunchScreen.storyboard */ = {
			isa = PBXVariantGroup;
			children = (
				89D07DF6206EDA1D00E96A08 /* Base */,
			);
			name = LaunchScreen.storyboard;
			sourceTree = "<group>";
		};
/* End PBXVariantGroup section */

/* Begin XCBuildConfiguration section */
		89D07DF9206EDA1D00E96A08 /* Debug */ = {
			isa = XCBuildConfiguration;
			buildSettings = {
				ALWAYS_SEARCH_USER_PATHS = NO;
				CLANG_ANALYZER_NONNULL = YES;
				CLANG_ANALYZER_NUMBER_OBJECT_CONVERSION = YES_AGGRESSIVE;
				CLANG_CXX_LANGUAGE_STANDARD = "gnu++14";
				CLANG_CXX_LIBRARY = "libc++";
				CLANG_ENABLE_MODULES = YES;
				CLANG_ENABLE_OBJC_ARC = YES;
				CLANG_WARN_BLOCK_CAPTURE_AUTORELEASING = YES;
				CLANG_WARN_BOOL_CONVERSION = YES;
				CLANG_WARN_COMMA = YES;
				CLANG_WARN_CONSTANT_CONVERSION = YES;
				CLANG_WARN_DIRECT_OBJC_ISA_USAGE = YES_ERROR;
				CLANG_WARN_DOCUMENTATION_COMMENTS = YES;
				CLANG_WARN_EMPTY_BODY = YES;
				CLANG_WARN_ENUM_CONVERSION = YES;
				CLANG_WARN_INFINITE_RECURSION = YES;
				CLANG_WARN_INT_CONVERSION = YES;
				CLANG_WARN_NON_LITERAL_NULL_CONVERSION = YES;
				CLANG_WARN_OBJC_LITERAL_CONVERSION = YES;
				CLANG_WARN_OBJC_ROOT_CLASS = YES_ERROR;
				CLANG_WARN_RANGE_LOOP_ANALYSIS = YES;
				CLANG_WARN_STRICT_PROTOTYPES = YES;
				CLANG_WARN_SUSPICIOUS_MOVE = YES;
				CLANG_WARN_UNGUARDED_AVAILABILITY = YES_AGGRESSIVE;
				CLANG_WARN_UNREACHABLE_CODE = YES;
				CLANG_WARN__DUPLICATE_METHOD_MATCH = YES;
				CODE_SIGN_IDENTITY = "iPhone Developer";
				COPY_PHASE_STRIP = NO;
				DEBUG_INFORMATION_FORMAT = dwarf;
				ENABLE_STRICT_OBJC_MSGSEND = YES;
				ENABLE_TESTABILITY = YES;
				GCC_C_LANGUAGE_STANDARD = gnu11;
				GCC_DYNAMIC_NO_PIC = NO;
				GCC_NO_COMMON_BLOCKS = YES;
				GCC_OPTIMIZATION_LEVEL = 0;
				GCC_PREPROCESSOR_DEFINITIONS = (
					"DEBUG=1",
					"$(inherited)",
				);
				GCC_WARN_64_TO_32_BIT_CONVERSION = YES;
				GCC_WARN_ABOUT_RETURN_TYPE = YES_ERROR;
				GCC_WARN_UNDECLARED_SELECTOR = YES;
				GCC_WARN_UNINITIALIZED_AUTOS = YES_AGGRESSIVE;
				GCC_WARN_UNUSED_FUNCTION = YES;
				GCC_WARN_UNUSED_VARIABLE = YES;
				IPHONEOS_DEPLOYMENT_TARGET = 11.2;
				MTL_ENABLE_DEBUG_INFO = YES;
				ONLY_ACTIVE_ARCH = YES;
				SDKROOT = iphoneos;
				SWIFT_ACTIVE_COMPILATION_CONDITIONS = DEBUG;
				SWIFT_OPTIMIZATION_LEVEL = "-Onone";
			};
			name = Debug;
		};
		89D07DFA206EDA1D00E96A08 /* Release */ = {
			isa = XCBuildConfiguration;
			buildSettings = {
				ALWAYS_SEARCH_USER_PATHS = NO;
				CLANG_ANALYZER_NONNULL = YES;
				CLANG_ANALYZER_NUMBER_OBJECT_CONVERSION = YES_AGGRESSIVE;
				CLANG_CXX_LANGUAGE_STANDARD = "gnu++14";
				CLANG_CXX_LIBRARY = "libc++";
				CLANG_ENABLE_MODULES = YES;
				CLANG_ENABLE_OBJC_ARC = YES;
				CLANG_WARN_BLOCK_CAPTURE_AUTORELEASING = YES;
				CLANG_WARN_BOOL_CONVERSION = YES;
				CLANG_WARN_COMMA = YES;
				CLANG_WARN_CONSTANT_CONVERSION = YES;
				CLANG_WARN_DIRECT_OBJC_ISA_USAGE = YES_ERROR;
				CLANG_WARN_DOCUMENTATION_COMMENTS = YES;
				CLANG_WARN_EMPTY_BODY = YES;
				CLANG_WARN_ENUM_CONVERSION = YES;
				CLANG_WARN_INFINITE_RECURSION = YES;
				CLANG_WARN_INT_CONVERSION = YES;
				CLANG_WARN_NON_LITERAL_NULL_CONVERSION = YES;
				CLANG_WARN_OBJC_LITERAL_CONVERSION = YES;
				CLANG_WARN_OBJC_ROOT_CLASS = YES_ERROR;
				CLANG_WARN_RANGE_LOOP_ANALYSIS = YES;
				CLANG_WARN_STRICT_PROTOTYPES = YES;
				CLANG_WARN_SUSPICIOUS_MOVE = YES;
				CLANG_WARN_UNGUARDED_AVAILABILITY = YES_AGGRESSIVE;
				CLANG_WARN_UNREACHABLE_CODE = YES;
				CLANG_WARN__DUPLICATE_METHOD_MATCH = YES;
				CODE_SIGN_IDENTITY = "iPhone Developer";
				COPY_PHASE_STRIP = NO;
				DEBUG_INFORMATION_FORMAT = "dwarf-with-dsym";
				ENABLE_NS_ASSERTIONS = NO;
				ENABLE_STRICT_OBJC_MSGSEND = YES;
				GCC_C_LANGUAGE_STANDARD = gnu11;
				GCC_NO_COMMON_BLOCKS = YES;
				GCC_WARN_64_TO_32_BIT_CONVERSION = YES;
				GCC_WARN_ABOUT_RETURN_TYPE = YES_ERROR;
				GCC_WARN_UNDECLARED_SELECTOR = YES;
				GCC_WARN_UNINITIALIZED_AUTOS = YES_AGGRESSIVE;
				GCC_WARN_UNUSED_FUNCTION = YES;
				GCC_WARN_UNUSED_VARIABLE = YES;
				IPHONEOS_DEPLOYMENT_TARGET = 11.2;
				MTL_ENABLE_DEBUG_INFO = NO;
				SDKROOT = iphoneos;
				SWIFT_OPTIMIZATION_LEVEL = "-Owholemodule";
				VALIDATE_PRODUCT = YES;
			};
			name = Release;
		};
		89D07DFC206EDA1D00E96A08 /* Debug */ = {
			isa = XCBuildConfiguration;
			buildSettings = {
				ASSETCATALOG_COMPILER_APPICON_NAME = AppIcon;
				CODE_SIGN_STYLE = Automatic;
				DEVELOPMENT_TEAM = 95BWZVVTRH;
				INFOPLIST_FILE = StretchySnacks/Info.plist;
				LD_RUNPATH_SEARCH_PATHS = "$(inherited) @executable_path/Frameworks";
				PRODUCT_BUNDLE_IDENTIFIER = cd.GNAR.StretchySnacks;
				PRODUCT_NAME = "$(TARGET_NAME)";
				SWIFT_VERSION = 4.0;
				TARGETED_DEVICE_FAMILY = "1,2";
			};
			name = Debug;
		};
		89D07DFD206EDA1D00E96A08 /* Release */ = {
			isa = XCBuildConfiguration;
			buildSettings = {
				ASSETCATALOG_COMPILER_APPICON_NAME = AppIcon;
				CODE_SIGN_STYLE = Automatic;
				DEVELOPMENT_TEAM = 95BWZVVTRH;
				INFOPLIST_FILE = StretchySnacks/Info.plist;
				LD_RUNPATH_SEARCH_PATHS = "$(inherited) @executable_path/Frameworks";
				PRODUCT_BUNDLE_IDENTIFIER = cd.GNAR.StretchySnacks;
				PRODUCT_NAME = "$(TARGET_NAME)";
				SWIFT_VERSION = 4.0;
				TARGETED_DEVICE_FAMILY = "1,2";
			};
			name = Release;
		};
/* End XCBuildConfiguration section */

/* Begin XCConfigurationList section */
		89D07DE4206EDA1D00E96A08 /* Build configuration list for PBXProject "StretchySnacks" */ = {
			isa = XCConfigurationList;
			buildConfigurations = (
				89D07DF9206EDA1D00E96A08 /* Debug */,
				89D07DFA206EDA1D00E96A08 /* Release */,
			);
			defaultConfigurationIsVisible = 0;
			defaultConfigurationName = Release;
		};
		89D07DFB206EDA1D00E96A08 /* Build configuration list for PBXNativeTarget "StretchySnacks" */ = {
			isa = XCConfigurationList;
			buildConfigurations = (
				89D07DFC206EDA1D00E96A08 /* Debug */,
				89D07DFD206EDA1D00E96A08 /* Release */,
			);
			defaultConfigurationIsVisible = 0;
			defaultConfigurationName = Release;
		};
/* End XCConfigurationList section */
	};
	rootObject = 89D07DE1206EDA1D00E96A08 /* Project object */;
}
